// !$*UTF8*$!
{
	archiveVersion = 1;
	classes = {
	};
	objectVersion = 46;
	objects = {

/* Begin PBXBuildFile section */
		E0043B5C1CAB0BAF00E90994 /* interface_timer.cpp in Sources */ = {isa = PBXBuildFile; fileRef = E0043B5B1CAB0BAF00E90994 /* interface_timer.cpp */; };
		E0043B5D1CAB0BAF00E90994 /* interface_timer.cpp in Sources */ = {isa = PBXBuildFile; fileRef = E0043B5B1CAB0BAF00E90994 /* interface_timer.cpp */; };
		E0043B5E1CAB0BAF00E90994 /* interface_timer.cpp in Sources */ = {isa = PBXBuildFile; fileRef = E0043B5B1CAB0BAF00E90994 /* interface_timer.cpp */; };
		E0BC1AAF1CA955E000089B9D /* interface_async_queue.cpp in Sources */ = {isa = PBXBuildFile; fileRef = E0D87EFE1CA7D2E8001FC56D /* interface_async_queue.cpp */; };
		E0BC1AB01CA955E000089B9D /* interface_comm.cpp in Sources */ = {isa = PBXBuildFile; fileRef = E0D87EFF1CA7D2E8001FC56D /* interface_comm.cpp */; };
		E0BC1AB11CA955E000089B9D /* main-serial.cpp in Sources */ = {isa = PBXBuildFile; fileRef = E0D87EFB1CA7D2E8001FC56D /* main-serial.cpp */; };
		E0BC1AB21CA955E000089B9D /* interface_status.cpp in Sources */ = {isa = PBXBuildFile; fileRef = E0D87F011CA7D2E8001FC56D /* interface_status.cpp */; };
		E0BC1AB31CA955E000089B9D /* interface.cpp in Sources */ = {isa = PBXBuildFile; fileRef = E0D87EFD1CA7D2E8001FC56D /* interface.cpp */; };
		E0BC1AB41CA955E000089B9D /* interface_request.cpp in Sources */ = {isa = PBXBuildFile; fileRef = E0D87F001CA7D2E8001FC56D /* interface_request.cpp */; };
		E0BC1AB51CA955E000089B9D /* complexmath.cpp in Sources */ = {isa = PBXBuildFile; fileRef = E0D87F101CA7F41F001FC56D /* complexmath.cpp */; };
		E0BC1ABE1CA955F500089B9D /* interface_async_queue.cpp in Sources */ = {isa = PBXBuildFile; fileRef = E0D87EFE1CA7D2E8001FC56D /* interface_async_queue.cpp */; };
		E0BC1ABF1CA955F500089B9D /* interface_comm.cpp in Sources */ = {isa = PBXBuildFile; fileRef = E0D87EFF1CA7D2E8001FC56D /* interface_comm.cpp */; };
		E0BC1AC11CA955F500089B9D /* interface_status.cpp in Sources */ = {isa = PBXBuildFile; fileRef = E0D87F011CA7D2E8001FC56D /* interface_status.cpp */; };
		E0BC1AC21CA955F500089B9D /* interface.cpp in Sources */ = {isa = PBXBuildFile; fileRef = E0D87EFD1CA7D2E8001FC56D /* interface.cpp */; };
		E0BC1AC31CA955F500089B9D /* interface_request.cpp in Sources */ = {isa = PBXBuildFile; fileRef = E0D87F001CA7D2E8001FC56D /* interface_request.cpp */; };
		E0BC1AC41CA955F500089B9D /* complexmath.cpp in Sources */ = {isa = PBXBuildFile; fileRef = E0D87F101CA7F41F001FC56D /* complexmath.cpp */; };
		E0BC1ACD1CA956F000089B9D /* main-slb.cpp in Sources */ = {isa = PBXBuildFile; fileRef = E0BC1ACB1CA956B800089B9D /* main-slb.cpp */; };
		E0BC1AD01CA9571B00089B9D /* main-dlb.cpp in Sources */ = {isa = PBXBuildFile; fileRef = E0BC1ACE1CA9571600089B9D /* main-dlb.cpp */; };
		E0D87F071CA7D2E8001FC56D /* interface.cpp in Sources */ = {isa = PBXBuildFile; fileRef = E0D87EFD1CA7D2E8001FC56D /* interface.cpp */; };
		E0D87F081CA7D2E8001FC56D /* interface_async_queue.cpp in Sources */ = {isa = PBXBuildFile; fileRef = E0D87EFE1CA7D2E8001FC56D /* interface_async_queue.cpp */; };
		E0D87F091CA7D2E8001FC56D /* interface_comm.cpp in Sources */ = {isa = PBXBuildFile; fileRef = E0D87EFF1CA7D2E8001FC56D /* interface_comm.cpp */; };
		E0D87F0A1CA7D2E8001FC56D /* interface_request.cpp in Sources */ = {isa = PBXBuildFile; fileRef = E0D87F001CA7D2E8001FC56D /* interface_request.cpp */; };
		E0D87F0B1CA7D2E8001FC56D /* interface_status.cpp in Sources */ = {isa = PBXBuildFile; fileRef = E0D87F011CA7D2E8001FC56D /* interface_status.cpp */; };
		E0D87F111CA7F41F001FC56D /* complexmath.cpp in Sources */ = {isa = PBXBuildFile; fileRef = E0D87F101CA7F41F001FC56D /* complexmath.cpp */; };
/* End PBXBuildFile section */

/* Begin PBXCopyFilesBuildPhase section */
		E05601E61C94238E00907164 /* CopyFiles */ = {
			isa = PBXCopyFilesBuildPhase;
			buildActionMask = 2147483647;
			dstPath = /usr/share/man/man1/;
			dstSubfolderSpec = 0;
			files = (
			);
			runOnlyForDeploymentPostprocessing = 1;
		};
		E0BC1AB71CA955E000089B9D /* CopyFiles */ = {
			isa = PBXCopyFilesBuildPhase;
			buildActionMask = 2147483647;
			dstPath = /usr/share/man/man1/;
			dstSubfolderSpec = 0;
			files = (
			);
			runOnlyForDeploymentPostprocessing = 1;
		};
		E0BC1AC61CA955F500089B9D /* CopyFiles */ = {
			isa = PBXCopyFilesBuildPhase;
			buildActionMask = 2147483647;
			dstPath = /usr/share/man/man1/;
			dstSubfolderSpec = 0;
			files = (
			);
			runOnlyForDeploymentPostprocessing = 1;
		};
/* End PBXCopyFilesBuildPhase section */

/* Begin PBXFileReference section */
		E0043B5B1CAB0BAF00E90994 /* interface_timer.cpp */ = {isa = PBXFileReference; fileEncoding = 4; lastKnownFileType = sourcecode.cpp.cpp; path = interface_timer.cpp; sourceTree = "<group>"; };
		E0043B5F1CAB0CBA00E90994 /* output_help.h */ = {isa = PBXFileReference; fileEncoding = 4; lastKnownFileType = sourcecode.c.h; path = output_help.h; sourceTree = "<group>"; };
		E05601E81C94238E00907164 /* MPI-SLB */ = {isa = PBXFileReference; explicitFileType = "compiled.mach-o.executable"; includeInIndex = 0; path = "MPI-SLB"; sourceTree = BUILT_PRODUCTS_DIR; };
		E0BC1AAA1CA920FD00089B9D /* parser.h */ = {isa = PBXFileReference; lastKnownFileType = sourcecode.c.h; path = parser.h; sourceTree = "<group>"; };
		E0BC1AAB1CA932AA00089B9D /* argv_parser.h */ = {isa = PBXFileReference; lastKnownFileType = sourcecode.c.h; path = argv_parser.h; sourceTree = "<group>"; };
		E0BC1AAC1CA9333500089B9D /* config.h */ = {isa = PBXFileReference; lastKnownFileType = sourcecode.c.h; path = config.h; sourceTree = "<group>"; };
		E0BC1ABB1CA955E000089B9D /* MPI-Serial */ = {isa = PBXFileReference; explicitFileType = "compiled.mach-o.executable"; includeInIndex = 0; path = "MPI-Serial"; sourceTree = BUILT_PRODUCTS_DIR; };
		E0BC1ACA1CA955F500089B9D /* MPI-DLB */ = {isa = PBXFileReference; explicitFileType = "compiled.mach-o.executable"; includeInIndex = 0; path = "MPI-DLB"; sourceTree = BUILT_PRODUCTS_DIR; };
		E0BC1ACB1CA956B800089B9D /* main-slb.cpp */ = {isa = PBXFileReference; fileEncoding = 4; lastKnownFileType = sourcecode.cpp.cpp; path = "main-slb.cpp"; sourceTree = "<group>"; };
		E0BC1ACE1CA9571600089B9D /* main-dlb.cpp */ = {isa = PBXFileReference; fileEncoding = 4; lastKnownFileType = sourcecode.cpp.cpp; path = "main-dlb.cpp"; sourceTree = "<group>"; };
		E0D87EFB1CA7D2E8001FC56D /* main-serial.cpp */ = {isa = PBXFileReference; fileEncoding = 4; lastKnownFileType = sourcecode.cpp.cpp; path = "main-serial.cpp"; sourceTree = "<group>"; };
		E0D87EFD1CA7D2E8001FC56D /* interface.cpp */ = {isa = PBXFileReference; fileEncoding = 4; lastKnownFileType = sourcecode.cpp.cpp; path = interface.cpp; sourceTree = "<group>"; };
		E0D87EFE1CA7D2E8001FC56D /* interface_async_queue.cpp */ = {isa = PBXFileReference; fileEncoding = 4; lastKnownFileType = sourcecode.cpp.cpp; path = interface_async_queue.cpp; sourceTree = "<group>"; };
		E0D87EFF1CA7D2E8001FC56D /* interface_comm.cpp */ = {isa = PBXFileReference; fileEncoding = 4; lastKnownFileType = sourcecode.cpp.cpp; path = interface_comm.cpp; sourceTree = "<group>"; };
		E0D87F001CA7D2E8001FC56D /* interface_request.cpp */ = {isa = PBXFileReference; fileEncoding = 4; lastKnownFileType = sourcecode.cpp.cpp; path = interface_request.cpp; sourceTree = "<group>"; };
		E0D87F011CA7D2E8001FC56D /* interface_status.cpp */ = {isa = PBXFileReference; fileEncoding = 4; lastKnownFileType = sourcecode.cpp.cpp; path = interface_status.cpp; sourceTree = "<group>"; };
		E0D87F041CA7D2E8001FC56D /* interface.h */ = {isa = PBXFileReference; fileEncoding = 4; lastKnownFileType = sourcecode.c.h; path = interface.h; sourceTree = "<group>"; };
		E0D87F0C1CA7D34E001FC56D /* complexmath.h */ = {isa = PBXFileReference; lastKnownFileType = sourcecode.c.h; path = complexmath.h; sourceTree = "<group>"; };
		E0D87F0D1CA7D3A1001FC56D /* matrix.h */ = {isa = PBXFileReference; lastKnownFileType = sourcecode.c.h; path = matrix.h; sourceTree = "<group>"; };
		E0D87F0E1CA7EBB5001FC56D /* kernels.h */ = {isa = PBXFileReference; lastKnownFileType = sourcecode.c.h; path = kernels.h; sourceTree = "<group>"; };
		E0D87F0F1CA7EBF3001FC56D /* polynomial.h */ = {isa = PBXFileReference; lastKnownFileType = sourcecode.c.h; path = polynomial.h; sourceTree = "<group>"; };
		E0D87F101CA7F41F001FC56D /* complexmath.cpp */ = {isa = PBXFileReference; fileEncoding = 4; lastKnownFileType = sourcecode.cpp.cpp; path = complexmath.cpp; sourceTree = "<group>"; };
		E0D87F121CA7F91E001FC56D /* color.h */ = {isa = PBXFileReference; lastKnownFileType = sourcecode.c.h; path = color.h; sourceTree = "<group>"; };
		E0D87F131CA80AF3001FC56D /* tga.h */ = {isa = PBXFileReference; lastKnownFileType = sourcecode.c.h; name = tga.h; path = include/tga.h; sourceTree = SOURCE_ROOT; };
		E0D87F141CA85156001FC56D /* succession.h */ = {isa = PBXFileReference; lastKnownFileType = sourcecode.c.h; path = succession.h; sourceTree = "<group>"; };
/* End PBXFileReference section */

/* Begin PBXFrameworksBuildPhase section */
		E05601E51C94238E00907164 /* Frameworks */ = {
			isa = PBXFrameworksBuildPhase;
			buildActionMask = 2147483647;
			files = (
			);
			runOnlyForDeploymentPostprocessing = 0;
		};
		E0BC1AB61CA955E000089B9D /* Frameworks */ = {
			isa = PBXFrameworksBuildPhase;
			buildActionMask = 2147483647;
			files = (
			);
			runOnlyForDeploymentPostprocessing = 0;
		};
		E0BC1AC51CA955F500089B9D /* Frameworks */ = {
			isa = PBXFrameworksBuildPhase;
			buildActionMask = 2147483647;
			files = (
			);
			runOnlyForDeploymentPostprocessing = 0;
		};
/* End PBXFrameworksBuildPhase section */

/* Begin PBXGroup section */
		E05601DF1C94238E00907164 = {
			isa = PBXGroup;
			children = (
				E05601E91C94238E00907164 /* Products */,
				E0D87EF91CA7D2E8001FC56D /* source */,
				E0D87F021CA7D2E8001FC56D /* include */,
			);
			sourceTree = "<group>";
		};
		E05601E91C94238E00907164 /* Products */ = {
			isa = PBXGroup;
			children = (
				E05601E81C94238E00907164 /* MPI-SLB */,
				E0BC1ABB1CA955E000089B9D /* MPI-Serial */,
				E0BC1ACA1CA955F500089B9D /* MPI-DLB */,
			);
			name = Products;
			sourceTree = "<group>";
		};
		E0D87EF91CA7D2E8001FC56D /* source */ = {
			isa = PBXGroup;
			children = (
				E0D87EFB1CA7D2E8001FC56D /* main-serial.cpp */,
				E0BC1ACE1CA9571600089B9D /* main-dlb.cpp */,
				E0BC1ACB1CA956B800089B9D /* main-slb.cpp */,
				E0D87EFC1CA7D2E8001FC56D /* mpi */,
				E0D87F101CA7F41F001FC56D /* complexmath.cpp */,
			);
			path = source;
			sourceTree = "<group>";
		};
		E0D87EFC1CA7D2E8001FC56D /* mpi */ = {
			isa = PBXGroup;
			children = (
				E0D87EFD1CA7D2E8001FC56D /* interface.cpp */,
				E0D87EFE1CA7D2E8001FC56D /* interface_async_queue.cpp */,
				E0D87EFF1CA7D2E8001FC56D /* interface_comm.cpp */,
				E0D87F001CA7D2E8001FC56D /* interface_request.cpp */,
				E0D87F011CA7D2E8001FC56D /* interface_status.cpp */,
				E0043B5B1CAB0BAF00E90994 /* interface_timer.cpp */,
			);
			path = mpi;
			sourceTree = "<group>";
		};
		E0D87F021CA7D2E8001FC56D /* include */ = {
			isa = PBXGroup;
			children = (
				E0D87F031CA7D2E8001FC56D /* mpi */,
				E0D87F0C1CA7D34E001FC56D /* complexmath.h */,
				E0D87F0D1CA7D3A1001FC56D /* matrix.h */,
				E0D87F0E1CA7EBB5001FC56D /* kernels.h */,
				E0D87F0F1CA7EBF3001FC56D /* polynomial.h */,
				E0D87F121CA7F91E001FC56D /* color.h */,
				E0D87F131CA80AF3001FC56D /* tga.h */,
				E0D87F141CA85156001FC56D /* succession.h */,
				E0BC1AAA1CA920FD00089B9D /* parser.h */,
				E0BC1AAB1CA932AA00089B9D /* argv_parser.h */,
				E0BC1AAC1CA9333500089B9D /* config.h */,
				E0043B5F1CAB0CBA00E90994 /* output_help.h */,
			);
			path = include;
			sourceTree = "<group>";
		};
		E0D87F031CA7D2E8001FC56D /* mpi */ = {
			isa = PBXGroup;
			children = (
				E0D87F041CA7D2E8001FC56D /* interface.h */,
			);
			path = mpi;
			sourceTree = "<group>";
		};
/* End PBXGroup section */

/* Begin PBXNativeTarget section */
		E05601E71C94238E00907164 /* MPI-SLB */ = {
			isa = PBXNativeTarget;
			buildConfigurationList = E05601EF1C94238E00907164 /* Build configuration list for PBXNativeTarget "MPI-SLB" */;
			buildPhases = (
				E05601E41C94238E00907164 /* Sources */,
				E05601E51C94238E00907164 /* Frameworks */,
				E05601E61C94238E00907164 /* CopyFiles */,
			);
			buildRules = (
			);
			dependencies = (
			);
			name = "MPI-SLB";
			productName = "MPI-Test_01";
			productReference = E05601E81C94238E00907164 /* MPI-SLB */;
			productType = "com.apple.product-type.tool";
		};
		E0BC1AAD1CA955E000089B9D /* MPI-Serial */ = {
			isa = PBXNativeTarget;
			buildConfigurationList = E0BC1AB81CA955E000089B9D /* Build configuration list for PBXNativeTarget "MPI-Serial" */;
			buildPhases = (
				E0BC1AAE1CA955E000089B9D /* Sources */,
				E0BC1AB61CA955E000089B9D /* Frameworks */,
				E0BC1AB71CA955E000089B9D /* CopyFiles */,
			);
			buildRules = (
			);
			dependencies = (
			);
			name = "MPI-Serial";
			productName = "MPI-Test_01";
			productReference = E0BC1ABB1CA955E000089B9D /* MPI-Serial */;
			productType = "com.apple.product-type.tool";
		};
		E0BC1ABC1CA955F500089B9D /* MPI-DLB */ = {
			isa = PBXNativeTarget;
			buildConfigurationList = E0BC1AC71CA955F500089B9D /* Build configuration list for PBXNativeTarget "MPI-DLB" */;
			buildPhases = (
				E0BC1ABD1CA955F500089B9D /* Sources */,
				E0BC1AC51CA955F500089B9D /* Frameworks */,
				E0BC1AC61CA955F500089B9D /* CopyFiles */,
			);
			buildRules = (
			);
			dependencies = (
			);
			name = "MPI-DLB";
			productName = "MPI-Test_01";
			productReference = E0BC1ACA1CA955F500089B9D /* MPI-DLB */;
			productType = "com.apple.product-type.tool";
		};
/* End PBXNativeTarget section */

/* Begin PBXProject section */
		E05601E01C94238E00907164 /* Project object */ = {
			isa = PBXProject;
			attributes = {
				LastUpgradeCheck = 0720;
				ORGANIZATIONNAME = Gabriele;
				TargetAttributes = {
					E05601E71C94238E00907164 = {
						CreatedOnToolsVersion = 7.2.1;
					};
				};
			};
			buildConfigurationList = E05601E31C94238E00907164 /* Build configuration list for PBXProject "MPI_Project" */;
			compatibilityVersion = "Xcode 3.2";
			developmentRegion = English;
			hasScannedForEncodings = 0;
			knownRegions = (
				en,
			);
			mainGroup = E05601DF1C94238E00907164;
			productRefGroup = E05601E91C94238E00907164 /* Products */;
			projectDirPath = "";
			projectRoot = "";
			targets = (
				E0BC1AAD1CA955E000089B9D /* MPI-Serial */,
				E05601E71C94238E00907164 /* MPI-SLB */,
				E0BC1ABC1CA955F500089B9D /* MPI-DLB */,
			);
		};
/* End PBXProject section */

/* Begin PBXSourcesBuildPhase section */
		E05601E41C94238E00907164 /* Sources */ = {
			isa = PBXSourcesBuildPhase;
			buildActionMask = 2147483647;
			files = (
				E0D87F081CA7D2E8001FC56D /* interface_async_queue.cpp in Sources */,
				E0D87F091CA7D2E8001FC56D /* interface_comm.cpp in Sources */,
				E0D87F0B1CA7D2E8001FC56D /* interface_status.cpp in Sources */,
				E0BC1ACD1CA956F000089B9D /* main-slb.cpp in Sources */,
				E0D87F071CA7D2E8001FC56D /* interface.cpp in Sources */,
				E0043B5D1CAB0BAF00E90994 /* interface_timer.cpp in Sources */,
				E0D87F0A1CA7D2E8001FC56D /* interface_request.cpp in Sources */,
				E0D87F111CA7F41F001FC56D /* complexmath.cpp in Sources */,
			);
			runOnlyForDeploymentPostprocessing = 0;
		};
		E0BC1AAE1CA955E000089B9D /* Sources */ = {
			isa = PBXSourcesBuildPhase;
			buildActionMask = 2147483647;
			files = (
				E0BC1AAF1CA955E000089B9D /* interface_async_queue.cpp in Sources */,
				E0BC1AB01CA955E000089B9D /* interface_comm.cpp in Sources */,
				E0BC1AB11CA955E000089B9D /* main-serial.cpp in Sources */,
				E0BC1AB21CA955E000089B9D /* interface_status.cpp in Sources */,
				E0BC1AB31CA955E000089B9D /* interface.cpp in Sources */,
				E0043B5C1CAB0BAF00E90994 /* interface_timer.cpp in Sources */,
				E0BC1AB41CA955E000089B9D /* interface_request.cpp in Sources */,
				E0BC1AB51CA955E000089B9D /* complexmath.cpp in Sources */,
			);
			runOnlyForDeploymentPostprocessing = 0;
		};
		E0BC1ABD1CA955F500089B9D /* Sources */ = {
			isa = PBXSourcesBuildPhase;
			buildActionMask = 2147483647;
			files = (
				E0BC1ABE1CA955F500089B9D /* interface_async_queue.cpp in Sources */,
				E0BC1ABF1CA955F500089B9D /* interface_comm.cpp in Sources */,
				E0BC1AC11CA955F500089B9D /* interface_status.cpp in Sources */,
				E0BC1AC21CA955F500089B9D /* interface.cpp in Sources */,
				E0BC1AC31CA955F500089B9D /* interface_request.cpp in Sources */,
				E0043B5E1CAB0BAF00E90994 /* interface_timer.cpp in Sources */,
				E0BC1AD01CA9571B00089B9D /* main-dlb.cpp in Sources */,
				E0BC1AC41CA955F500089B9D /* complexmath.cpp in Sources */,
			);
			runOnlyForDeploymentPostprocessing = 0;
		};
/* End PBXSourcesBuildPhase section */

/* Begin XCBuildConfiguration section */
		E05601ED1C94238E00907164 /* Debug */ = {
			isa = XCBuildConfiguration;
			buildSettings = {
				ALWAYS_SEARCH_USER_PATHS = NO;
				CLANG_CXX_LANGUAGE_STANDARD = "c++0x";
				CLANG_CXX_LIBRARY = "libc++";
				CLANG_ENABLE_MODULES = YES;
				CLANG_ENABLE_OBJC_ARC = YES;
				CLANG_WARN_BOOL_CONVERSION = YES;
				CLANG_WARN_CONSTANT_CONVERSION = YES;
				CLANG_WARN_DIRECT_OBJC_ISA_USAGE = YES_ERROR;
				CLANG_WARN_EMPTY_BODY = YES;
				CLANG_WARN_ENUM_CONVERSION = YES;
				CLANG_WARN_INT_CONVERSION = YES;
				CLANG_WARN_OBJC_ROOT_CLASS = YES_ERROR;
				CLANG_WARN_UNREACHABLE_CODE = YES;
				CLANG_WARN__DUPLICATE_METHOD_MATCH = YES;
				CODE_SIGN_IDENTITY = "-";
				COPY_PHASE_STRIP = NO;
				DEBUG_INFORMATION_FORMAT = dwarf;
				ENABLE_STRICT_OBJC_MSGSEND = YES;
				ENABLE_TESTABILITY = YES;
				GCC_C_LANGUAGE_STANDARD = gnu99;
				GCC_DYNAMIC_NO_PIC = NO;
				GCC_NO_COMMON_BLOCKS = YES;
				GCC_OPTIMIZATION_LEVEL = 0;
				GCC_PREPROCESSOR_DEFINITIONS = (
					"DEBUG=1",
					"$(inherited)",
				);
				GCC_WARN_64_TO_32_BIT_CONVERSION = YES;
				GCC_WARN_ABOUT_RETURN_TYPE = YES_ERROR;
				GCC_WARN_UNDECLARED_SELECTOR = YES;
				GCC_WARN_UNINITIALIZED_AUTOS = YES_AGGRESSIVE;
				GCC_WARN_UNUSED_FUNCTION = YES;
				GCC_WARN_UNUSED_VARIABLE = YES;
				MACOSX_DEPLOYMENT_TARGET = 10.11;
				MTL_ENABLE_DEBUG_INFO = YES;
				ONLY_ACTIVE_ARCH = YES;
				SDKROOT = macosx;
			};
			name = Debug;
		};
		E05601EE1C94238E00907164 /* Release */ = {
			isa = XCBuildConfiguration;
			buildSettings = {
				ALWAYS_SEARCH_USER_PATHS = NO;
				CLANG_CXX_LANGUAGE_STANDARD = "c++0x";
				CLANG_CXX_LIBRARY = "libc++";
				CLANG_ENABLE_MODULES = YES;
				CLANG_ENABLE_OBJC_ARC = YES;
				CLANG_WARN_BOOL_CONVERSION = YES;
				CLANG_WARN_CONSTANT_CONVERSION = YES;
				CLANG_WARN_DIRECT_OBJC_ISA_USAGE = YES_ERROR;
				CLANG_WARN_EMPTY_BODY = YES;
				CLANG_WARN_ENUM_CONVERSION = YES;
				CLANG_WARN_INT_CONVERSION = YES;
				CLANG_WARN_OBJC_ROOT_CLASS = YES_ERROR;
				CLANG_WARN_UNREACHABLE_CODE = YES;
				CLANG_WARN__DUPLICATE_METHOD_MATCH = YES;
				CODE_SIGN_IDENTITY = "-";
				COPY_PHASE_STRIP = NO;
				DEBUG_INFORMATION_FORMAT = "dwarf-with-dsym";
				ENABLE_NS_ASSERTIONS = NO;
				ENABLE_STRICT_OBJC_MSGSEND = YES;
				GCC_C_LANGUAGE_STANDARD = gnu99;
				GCC_NO_COMMON_BLOCKS = YES;
				GCC_OPTIMIZATION_LEVEL = 3;
				GCC_WARN_64_TO_32_BIT_CONVERSION = YES;
				GCC_WARN_ABOUT_RETURN_TYPE = YES_ERROR;
				GCC_WARN_UNDECLARED_SELECTOR = YES;
				GCC_WARN_UNINITIALIZED_AUTOS = YES_AGGRESSIVE;
				GCC_WARN_UNUSED_FUNCTION = YES;
				GCC_WARN_UNUSED_VARIABLE = YES;
				MACOSX_DEPLOYMENT_TARGET = 10.11;
				MTL_ENABLE_DEBUG_INFO = NO;
				SDKROOT = macosx;
			};
			name = Release;
		};
		E05601F01C94238E00907164 /* Debug */ = {
			isa = XCBuildConfiguration;
			buildSettings = {
				HEADER_SEARCH_PATHS = (
					"$(SRCROOT)/include",
					"/usr/local/Cellar/open-mpi/1.10.2/include",
				);
				LIBRARY_SEARCH_PATHS = "/usr/local/Cellar/open-mpi/1.10.2/lib";
				OTHER_CFLAGS = "-DUSE_DOUBLE";
				OTHER_LDFLAGS = (
					"-lmpi",
					"-lmpi_cxx",
				);
				PRODUCT_NAME = "$(TARGET_NAME)";
			};
			name = Debug;
		};
		E05601F11C94238E00907164 /* Release */ = {
			isa = XCBuildConfiguration;
			buildSettings = {
				HEADER_SEARCH_PATHS = (
					"$(SRCROOT)/include",
					"/usr/local/Cellar/open-mpi/1.10.2/include",
				);
				LIBRARY_SEARCH_PATHS = "/usr/local/Cellar/open-mpi/1.10.2/lib";
				OTHER_CFLAGS = "-DUSE_DOUBLE";
				OTHER_LDFLAGS = (
					"-lmpi",
					"-lmpi_cxx",
				);
				PRODUCT_NAME = "$(TARGET_NAME)";
			};
			name = Release;
		};
		E0BC1AB91CA955E000089B9D /* Debug */ = {
			isa = XCBuildConfiguration;
			buildSettings = {
				HEADER_SEARCH_PATHS = (
					"$(SRCROOT)/include",
					"/usr/local/Cellar/open-mpi/1.10.2/include",
				);
				LIBRARY_SEARCH_PATHS = "/usr/local/Cellar/open-mpi/1.10.2/lib";
				OTHER_CFLAGS = "-DUSE_DOUBLE";
				OTHER_LDFLAGS = (
					"-lmpi",
					"-lmpi_cxx",
				);
				PRODUCT_NAME = "$(TARGET_NAME)";
			};
			name = Debug;
		};
		E0BC1ABA1CA955E000089B9D /* Release */ = {
			isa = XCBuildConfiguration;
			buildSettings = {
				HEADER_SEARCH_PATHS = (
					"$(SRCROOT)/include",
					"/usr/local/Cellar/open-mpi/1.10.2/include",
				);
				LIBRARY_SEARCH_PATHS = "/usr/local/Cellar/open-mpi/1.10.2/lib";
				OTHER_CFLAGS = "-DUSE_DOUBLE";
				OTHER_LDFLAGS = (
					"-lmpi",
					"-lmpi_cxx",
				);
				PRODUCT_NAME = "$(TARGET_NAME)";
			};
			name = Release;
		};
		E0BC1AC81CA955F500089B9D /* Debug */ = {
			isa = XCBuildConfiguration;
			buildSettings = {
				HEADER_SEARCH_PATHS = (
					"$(SRCROOT)/include",
					"/usr/local/Cellar/open-mpi/1.10.2/include",
				);
				LIBRARY_SEARCH_PATHS = "/usr/local/Cellar/open-mpi/1.10.2/lib";
				OTHER_CFLAGS = "-DUSE_DOUBLE";
				OTHER_LDFLAGS = (
					"-lmpi",
					"-lmpi_cxx",
				);
				PRODUCT_NAME = "$(TARGET_NAME)";
			};
			name = Debug;
		};
		E0BC1AC91CA955F500089B9D /* Release */ = {
			isa = XCBuildConfiguration;
			buildSettings = {
				HEADER_SEARCH_PATHS = (
					"$(SRCROOT)/include",
					"/usr/local/Cellar/open-mpi/1.10.2/include",
				);
				LIBRARY_SEARCH_PATHS = "/usr/local/Cellar/open-mpi/1.10.2/lib";
				OTHER_CFLAGS = "-DUSE_DOUBLE";
				OTHER_LDFLAGS = (
					"-lmpi",
					"-lmpi_cxx",
				);
				PRODUCT_NAME = "$(TARGET_NAME)";
			};
			name = Release;
		};
/* End XCBuildConfiguration section */

/* Begin XCConfigurationList section */
		E05601E31C94238E00907164 /* Build configuration list for PBXProject "MPI_Project" */ = {
			isa = XCConfigurationList;
			buildConfigurations = (
				E05601ED1C94238E00907164 /* Debug */,
				E05601EE1C94238E00907164 /* Release */,
			);
			defaultConfigurationIsVisible = 0;
			defaultConfigurationName = Release;
		};
		E05601EF1C94238E00907164 /* Build configuration list for PBXNativeTarget "MPI-SLB" */ = {
			isa = XCConfigurationList;
			buildConfigurations = (
				E05601F01C94238E00907164 /* Debug */,
				E05601F11C94238E00907164 /* Release */,
			);
			defaultConfigurationIsVisible = 0;
			defaultConfigurationName = Release;
		};
		E0BC1AB81CA955E000089B9D /* Build configuration list for PBXNativeTarget "MPI-Serial" */ = {
			isa = XCConfigurationList;
			buildConfigurations = (
				E0BC1AB91CA955E000089B9D /* Debug */,
				E0BC1ABA1CA955E000089B9D /* Release */,
			);
			defaultConfigurationIsVisible = 0;
			defaultConfigurationName = Release;
		};
		E0BC1AC71CA955F500089B9D /* Build configuration list for PBXNativeTarget "MPI-DLB" */ = {
			isa = XCConfigurationList;
			buildConfigurations = (
				E0BC1AC81CA955F500089B9D /* Debug */,
				E0BC1AC91CA955F500089B9D /* Release */,
			);
			defaultConfigurationIsVisible = 0;
			defaultConfigurationName = Release;
		};
/* End XCConfigurationList section */
	};
	rootObject = E05601E01C94238E00907164 /* Project object */;
}
